
Microsoft Visual Studio Solution File, Format Version 12.00
# Visual Studio Version 17
VisualStudioVersion = 17.2.32519.379
MinimumVisualStudioVersion = 10.0.40219.1
Project("{8BC9CEB8-8B4A-11D0-8D11-00A0C91BC942}") = "2", "2\2.vcxproj", "{F99CD35E-F5F4-4C0C-ACC6-189F220975D1}"
EndProject
Project("{8BC9CEB8-8B4A-11D0-8D11-00A0C91BC942}") = "3", "3\3.vcxproj", "{B52B339C-503E-4442-A922-D513AC789A75}"
EndProject
Project("{8BC9CEB8-8B4A-11D0-8D11-00A0C91BC942}") = "4_Client", "4_Client\4_Client.vcxproj", "{B4576D1D-A3B7-4490-B42B-703000896A3E}"
EndProject
Project("{8BC9CEB8-8B4A-11D0-8D11-00A0C91BC942}") = "4_Server", "4_Server\4_Server.vcxproj", "{DC112A6E-2C06-4544-947D-38FA4DFE239A}"
EndProject
Project("{8BC9CEB8-8B4A-11D0-8D11-00A0C91BC942}") = "4_2_Client", "4_2_Client\4_2_Client.vcxproj", "{5473E2A3-53BF-40F6-8BDC-9C9FF8C79A6B}"
EndProject
Project("{8BC9CEB8-8B4A-11D0-8D11-00A0C91BC942}") = "5_Server", "5_Server\5_Server.vcxproj", "{B7457858-CCE1-4177-8EB5-D397EC694B72}"
EndProject
Project("{8BC9CEB8-8B4A-11D0-8D11-00A0C91BC942}") = "5_Client", "5_Client\5_Client.vcxproj", "{5246E1AA-F1C4-43D9-AA62-E8365AA0F973}"
EndProject
Project("{8BC9CEB8-8B4A-11D0-8D11-00A0C91BC942}") = "6_Server", "6_Server\6_Server.vcxproj", "{96EBC382-F0A4-4823-9285-4495ED85EA39}"
EndProject
Project("{8BC9CEB8-8B4A-11D0-8D11-00A0C91BC942}") = "6_Client", "6_Client\6_Client.vcxproj", "{4C5992D8-C1C4-44DC-87AE-EC84170B58B5}"
EndProject
Project("{8BC9CEB8-8B4A-11D0-8D11-00A0C91BC942}") = "7_Client", "7_Client\7_Client.vcxproj", "{F0DC4168-EBE4-46DF-ADAB-5F37F9F10A38}"
EndProject
Global
	GlobalSection(SolutionConfigurationPlatforms) = preSolution
		Debug|x64 = Debug|x64
		Debug|x86 = Debug|x86
		Release|x64 = Release|x64
		Release|x86 = Release|x86
	EndGlobalSection
	GlobalSection(ProjectConfigurationPlatforms) = postSolution
		{F99CD35E-F5F4-4C0C-ACC6-189F220975D1}.Debug|x64.ActiveCfg = Debug|x64
		{F99CD35E-F5F4-4C0C-ACC6-189F220975D1}.Debug|x64.Build.0 = Debug|x64
		{F99CD35E-F5F4-4C0C-ACC6-189F220975D1}.Debug|x86.ActiveCfg = Debug|Win32
		{F99CD35E-F5F4-4C0C-ACC6-189F220975D1}.Debug|x86.Build.0 = Debug|Win32
		{F99CD35E-F5F4-4C0C-ACC6-189F220975D1}.Release|x64.ActiveCfg = Release|x64
		{F99CD35E-F5F4-4C0C-ACC6-189F220975D1}.Release|x64.Build.0 = Release|x64
		{F99CD35E-F5F4-4C0C-ACC6-189F220975D1}.Release|x86.ActiveCfg = Release|Win32
		{F99CD35E-F5F4-4C0C-ACC6-189F220975D1}.Release|x86.Build.0 = Release|Win32
		{B52B339C-503E-4442-A922-D513AC789A75}.Debug|x64.ActiveCfg = Debug|x64
		{B52B339C-503E-4442-A922-D513AC789A75}.Debug|x64.Build.0 = Debug|x64
		{B52B339C-503E-4442-A922-D513AC789A75}.Debug|x86.ActiveCfg = Debug|Win32
		{B52B339C-503E-4442-A922-D513AC789A75}.Debug|x86.Build.0 = Debug|Win32
		{B52B339C-503E-4442-A922-D513AC789A75}.Release|x64.ActiveCfg = Release|x64
		{B52B339C-503E-4442-A922-D513AC789A75}.Release|x64.Build.0 = Release|x64
		{B52B339C-503E-4442-A922-D513AC789A75}.Release|x86.ActiveCfg = Release|Win32
		{B52B339C-503E-4442-A922-D513AC789A75}.Release|x86.Build.0 = Release|Win32
		{B4576D1D-A3B7-4490-B42B-703000896A3E}.Debug|x64.ActiveCfg = Debug|x64
		{B4576D1D-A3B7-4490-B42B-703000896A3E}.Debug|x64.Build.0 = Debug|x64
		{B4576D1D-A3B7-4490-B42B-703000896A3E}.Debug|x86.ActiveCfg = Debug|Win32
		{B4576D1D-A3B7-4490-B42B-703000896A3E}.Debug|x86.Build.0 = Debug|Win32
		{B4576D1D-A3B7-4490-B42B-703000896A3E}.Release|x64.ActiveCfg = Release|x64
		{B4576D1D-A3B7-4490-B42B-703000896A3E}.Release|x64.Build.0 = Release|x64
		{B4576D1D-A3B7-4490-B42B-703000896A3E}.Release|x86.ActiveCfg = Release|Win32
		{B4576D1D-A3B7-4490-B42B-703000896A3E}.Release|x86.Build.0 = Release|Win32
		{DC112A6E-2C06-4544-947D-38FA4DFE239A}.Debug|x64.ActiveCfg = Debug|x64
		{DC112A6E-2C06-4544-947D-38FA4DFE239A}.Debug|x64.Build.0 = Debug|x64
		{DC112A6E-2C06-4544-947D-38FA4DFE239A}.Debug|x86.ActiveCfg = Debug|Win32
		{DC112A6E-2C06-4544-947D-38FA4DFE239A}.Debug|x86.Build.0 = Debug|Win32
		{DC112A6E-2C06-4544-947D-38FA4DFE239A}.Release|x64.ActiveCfg = Release|x64
		{DC112A6E-2C06-4544-947D-38FA4DFE239A}.Release|x64.Build.0 = Release|x64
		{DC112A6E-2C06-4544-947D-38FA4DFE239A}.Release|x86.ActiveCfg = Release|Win32
		{DC112A6E-2C06-4544-947D-38FA4DFE239A}.Release|x86.Build.0 = Release|Win32
		{5473E2A3-53BF-40F6-8BDC-9C9FF8C79A6B}.Debug|x64.ActiveCfg = Debug|x64
		{5473E2A3-53BF-40F6-8BDC-9C9FF8C79A6B}.Debug|x64.Build.0 = Debug|x64
		{5473E2A3-53BF-40F6-8BDC-9C9FF8C79A6B}.Debug|x86.ActiveCfg = Debug|Win32
		{5473E2A3-53BF-40F6-8BDC-9C9FF8C79A6B}.Debug|x86.Build.0 = Debug|Win32
		{5473E2A3-53BF-40F6-8BDC-9C9FF8C79A6B}.Release|x64.ActiveCfg = Release|x64
		{5473E2A3-53BF-40F6-8BDC-9C9FF8C79A6B}.Release|x64.Build.0 = Release|x64
		{5473E2A3-53BF-40F6-8BDC-9C9FF8C79A6B}.Release|x86.ActiveCfg = Release|Win32
		{5473E2A3-53BF-40F6-8BDC-9C9FF8C79A6B}.Release|x86.Build.0 = Release|Win32
		{B7457858-CCE1-4177-8EB5-D397EC694B72}.Debug|x64.ActiveCfg = Debug|x64
		{B7457858-CCE1-4177-8EB5-D397EC694B72}.Debug|x64.Build.0 = Debug|x64
		{B7457858-CCE1-4177-8EB5-D397EC694B72}.Debug|x86.ActiveCfg = Debug|Win32
		{B7457858-CCE1-4177-8EB5-D397EC694B72}.Debug|x86.Build.0 = Debug|Win32
		{B7457858-CCE1-4177-8EB5-D397EC694B72}.Release|x64.ActiveCfg = Release|x64
		{B7457858-CCE1-4177-8EB5-D397EC694B72}.Release|x64.Build.0 = Release|x64
		{B7457858-CCE1-4177-8EB5-D397EC694B72}.Release|x86.ActiveCfg = Release|Win32
		{B7457858-CCE1-4177-8EB5-D397EC694B72}.Release|x86.Build.0 = Release|Win32
		{5246E1AA-F1C4-43D9-AA62-E8365AA0F973}.Debug|x64.ActiveCfg = Debug|x64
		{5246E1AA-F1C4-43D9-AA62-E8365AA0F973}.Debug|x64.Build.0 = Debug|x64
		{5246E1AA-F1C4-43D9-AA62-E8365AA0F973}.Debug|x86.ActiveCfg = Debug|Win32
		{5246E1AA-F1C4-43D9-AA62-E8365AA0F973}.Debug|x86.Build.0 = Debug|Win32
		{5246E1AA-F1C4-43D9-AA62-E8365AA0F973}.Release|x64.ActiveCfg = Release|x64
		{5246E1AA-F1C4-43D9-AA62-E8365AA0F973}.Release|x64.Build.0 = Release|x64
		{5246E1AA-F1C4-43D9-AA62-E8365AA0F973}.Release|x86.ActiveCfg = Release|Win32
		{5246E1AA-F1C4-43D9-AA62-E8365AA0F973}.Release|x86.Build.0 = Release|Win32
		{96EBC382-F0A4-4823-9285-4495ED85EA39}.Debug|x64.ActiveCfg = Debug|x64
		{96EBC382-F0A4-4823-9285-4495ED85EA39}.Debug|x64.Build.0 = Debug|x64
		{96EBC382-F0A4-4823-9285-4495ED85EA39}.Debug|x86.ActiveCfg = Debug|Win32
		{96EBC382-F0A4-4823-9285-4495ED85EA39}.Debug|x86.Build.0 = Debug|Win32
		{96EBC382-F0A4-4823-9285-4495ED85EA39}.Release|x64.ActiveCfg = Release|x64
		{96EBC382-F0A4-4823-9285-4495ED85EA39}.Release|x64.Build.0 = Release|x64
		{96EBC382-F0A4-4823-9285-4495ED85EA39}.Release|x86.ActiveCfg = Release|Win32
		{96EBC382-F0A4-4823-9285-4495ED85EA39}.Release|x86.Build.0 = Release|Win32
		{4C5992D8-C1C4-44DC-87AE-EC84170B58B5}.Debug|x64.ActiveCfg = Debug|x64
		{4C5992D8-C1C4-44DC-87AE-EC84170B58B5}.Debug|x64.Build.0 = Debug|x64
		{4C5992D8-C1C4-44DC-87AE-EC84170B58B5}.Debug|x86.ActiveCfg = Debug|Win32
		{4C5992D8-C1C4-44DC-87AE-EC84170B58B5}.Debug|x86.Build.0 = Debug|Win32
		{4C5992D8-C1C4-44DC-87AE-EC84170B58B5}.Release|x64.ActiveCfg = Release|x64
		{4C5992D8-C1C4-44DC-87AE-EC84170B58B5}.Release|x64.Build.0 = Release|x64
		{4C5992D8-C1C4-44DC-87AE-EC84170B58B5}.Release|x86.ActiveCfg = Release|Win32
		{4C5992D8-C1C4-44DC-87AE-EC84170B58B5}.Release|x86.Build.0 = Release|Win32
		{F0DC4168-EBE4-46DF-ADAB-5F37F9F10A38}.Debug|x64.ActiveCfg = Debug|x64
		{F0DC4168-EBE4-46DF-ADAB-5F37F9F10A38}.Debug|x64.Build.0 = Debug|x64
		{F0DC4168-EBE4-46DF-ADAB-5F37F9F10A38}.Debug|x86.ActiveCfg = Debug|Win32
		{F0DC4168-EBE4-46DF-ADAB-5F37F9F10A38}.Debug|x86.Build.0 = Debug|Win32
		{F0DC4168-EBE4-46DF-ADAB-5F37F9F10A38}.Release|x64.ActiveCfg = Release|x64
		{F0DC4168-EBE4-46DF-ADAB-5F37F9F10A38}.Release|x64.Build.0 = Release|x64
		{F0DC4168-EBE4-46DF-ADAB-5F37F9F10A38}.Release|x86.ActiveCfg = Release|Win32
		{F0DC4168-EBE4-46DF-ADAB-5F37F9F10A38}.Release|x86.Build.0 = Release|Win32
	EndGlobalSection
	GlobalSection(SolutionProperties) = preSolution
		HideSolutionNode = FALSE
	EndGlobalSection
	GlobalSection(ExtensibilityGlobals) = postSolution
		SolutionGuid = {C560B1E3-0154-449F-A8F4-4DEC89A7D407}
	EndGlobalSection
EndGlobal
